// !$*UTF8*$!
{
	archiveVersion = 1;
	classes = {
	};
	objectVersion = 50;
	objects = {

/* Begin PBXBuildFile section */
		4ED44F1326A9637900AB50A3 /* DubDubGrubApp.swift in Sources */ = {isa = PBXBuildFile; fileRef = 4ED44F1226A9637900AB50A3 /* DubDubGrubApp.swift */; };
		4ED44F1526A9637900AB50A3 /* ContentView.swift in Sources */ = {isa = PBXBuildFile; fileRef = 4ED44F1426A9637900AB50A3 /* ContentView.swift */; };
		4ED44F1726A9637A00AB50A3 /* Assets.xcassets in Resources */ = {isa = PBXBuildFile; fileRef = 4ED44F1626A9637A00AB50A3 /* Assets.xcassets */; };
		4ED44F1A26A9637A00AB50A3 /* Preview Assets.xcassets in Resources */ = {isa = PBXBuildFile; fileRef = 4ED44F1926A9637A00AB50A3 /* Preview Assets.xcassets */; };
		4ED44F2526A9637A00AB50A3 /* DubDubGrubTests.swift in Sources */ = {isa = PBXBuildFile; fileRef = 4ED44F2426A9637A00AB50A3 /* DubDubGrubTests.swift */; };
		4ED44F3026A9637A00AB50A3 /* DubDubGrubUITests.swift in Sources */ = {isa = PBXBuildFile; fileRef = 4ED44F2F26A9637A00AB50A3 /* DubDubGrubUITests.swift */; };
/* End PBXBuildFile section */

/* Begin PBXContainerItemProxy section */
		4ED44F2126A9637A00AB50A3 /* PBXContainerItemProxy */ = {
			isa = PBXContainerItemProxy;
			containerPortal = 4ED44F0726A9637800AB50A3 /* Project object */;
			proxyType = 1;
			remoteGlobalIDString = 4ED44F0E26A9637800AB50A3;
			remoteInfo = DubDubGrub;
		};
		4ED44F2C26A9637A00AB50A3 /* PBXContainerItemProxy */ = {
			isa = PBXContainerItemProxy;
			containerPortal = 4ED44F0726A9637800AB50A3 /* Project object */;
			proxyType = 1;
			remoteGlobalIDString = 4ED44F0E26A9637800AB50A3;
			remoteInfo = DubDubGrub;
		};
/* End PBXContainerItemProxy section */

/* Begin PBXFileReference section */
		4ED44F0F26A9637800AB50A3 /* DubDubGrub.app */ = {isa = PBXFileReference; explicitFileType = wrapper.application; includeInIndex = 0; path = DubDubGrub.app; sourceTree = BUILT_PRODUCTS_DIR; };
		4ED44F1226A9637900AB50A3 /* DubDubGrubApp.swift */ = {isa = PBXFileReference; lastKnownFileType = sourcecode.swift; path = DubDubGrubApp.swift; sourceTree = "<group>"; };
		4ED44F1426A9637900AB50A3 /* ContentView.swift */ = {isa = PBXFileReference; lastKnownFileType = sourcecode.swift; path = ContentView.swift; sourceTree = "<group>"; };
		4ED44F1626A9637A00AB50A3 /* Assets.xcassets */ = {isa = PBXFileReference; lastKnownFileType = folder.assetcatalog; path = Assets.xcassets; sourceTree = "<group>"; };
		4ED44F1926A9637A00AB50A3 /* Preview Assets.xcassets */ = {isa = PBXFileReference; lastKnownFileType = folder.assetcatalog; path = "Preview Assets.xcassets"; sourceTree = "<group>"; };
		4ED44F1B26A9637A00AB50A3 /* Info.plist */ = {isa = PBXFileReference; lastKnownFileType = text.plist.xml; path = Info.plist; sourceTree = "<group>"; };
		4ED44F2026A9637A00AB50A3 /* DubDubGrubTests.xctest */ = {isa = PBXFileReference; explicitFileType = wrapper.cfbundle; includeInIndex = 0; path = DubDubGrubTests.xctest; sourceTree = BUILT_PRODUCTS_DIR; };
		4ED44F2426A9637A00AB50A3 /* DubDubGrubTests.swift */ = {isa = PBXFileReference; lastKnownFileType = sourcecode.swift; path = DubDubGrubTests.swift; sourceTree = "<group>"; };
		4ED44F2626A9637A00AB50A3 /* Info.plist */ = {isa = PBXFileReference; lastKnownFileType = text.plist.xml; path = Info.plist; sourceTree = "<group>"; };
		4ED44F2B26A9637A00AB50A3 /* DubDubGrubUITests.xctest */ = {isa = PBXFileReference; explicitFileType = wrapper.cfbundle; includeInIndex = 0; path = DubDubGrubUITests.xctest; sourceTree = BUILT_PRODUCTS_DIR; };
		4ED44F2F26A9637A00AB50A3 /* DubDubGrubUITests.swift */ = {isa = PBXFileReference; lastKnownFileType = sourcecode.swift; path = DubDubGrubUITests.swift; sourceTree = "<group>"; };
		4ED44F3126A9637A00AB50A3 /* Info.plist */ = {isa = PBXFileReference; lastKnownFileType = text.plist.xml; path = Info.plist; sourceTree = "<group>"; };
/* End PBXFileReference section */

/* Begin PBXFrameworksBuildPhase section */
		4ED44F0C26A9637800AB50A3 /* Frameworks */ = {
			isa = PBXFrameworksBuildPhase;
			buildActionMask = 2147483647;
			files = (
			);
			runOnlyForDeploymentPostprocessing = 0;
		};
		4ED44F1D26A9637A00AB50A3 /* Frameworks */ = {
			isa = PBXFrameworksBuildPhase;
			buildActionMask = 2147483647;
			files = (
			);
			runOnlyForDeploymentPostprocessing = 0;
		};
		4ED44F2826A9637A00AB50A3 /* Frameworks */ = {
			isa = PBXFrameworksBuildPhase;
			buildActionMask = 2147483647;
			files = (
			);
			runOnlyForDeploymentPostprocessing = 0;
		};
/* End PBXFrameworksBuildPhase section */

/* Begin PBXGroup section */
		4ED44F0626A9637800AB50A3 = {
			isa = PBXGroup;
			children = (
				4ED44F1126A9637800AB50A3 /* DubDubGrub */,
				4ED44F2326A9637A00AB50A3 /* DubDubGrubTests */,
				4ED44F2E26A9637A00AB50A3 /* DubDubGrubUITests */,
				4ED44F1026A9637800AB50A3 /* Products */,
			);
			sourceTree = "<group>";
		};
		4ED44F1026A9637800AB50A3 /* Products */ = {
			isa = PBXGroup;
			children = (
				4ED44F0F26A9637800AB50A3 /* DubDubGrub.app */,
				4ED44F2026A9637A00AB50A3 /* DubDubGrubTests.xctest */,
				4ED44F2B26A9637A00AB50A3 /* DubDubGrubUITests.xctest */,
			);
			name = Products;
			sourceTree = "<group>";
		};
		4ED44F1126A9637800AB50A3 /* DubDubGrub */ = {
			isa = PBXGroup;
			children = (
				4ED44F1226A9637900AB50A3 /* DubDubGrubApp.swift */,
				4ED44F1426A9637900AB50A3 /* ContentView.swift */,
				4ED44F1626A9637A00AB50A3 /* Assets.xcassets */,
				4ED44F1B26A9637A00AB50A3 /* Info.plist */,
				4ED44F1826A9637A00AB50A3 /* Preview Content */,
			);
			path = DubDubGrub;
			sourceTree = "<group>";
		};
		4ED44F1826A9637A00AB50A3 /* Preview Content */ = {
			isa = PBXGroup;
			children = (
				4ED44F1926A9637A00AB50A3 /* Preview Assets.xcassets */,
			);
			path = "Preview Content";
			sourceTree = "<group>";
		};
		4ED44F2326A9637A00AB50A3 /* DubDubGrubTests */ = {
			isa = PBXGroup;
			children = (
				4ED44F2426A9637A00AB50A3 /* DubDubGrubTests.swift */,
				4ED44F2626A9637A00AB50A3 /* Info.plist */,
			);
			path = DubDubGrubTests;
			sourceTree = "<group>";
		};
		4ED44F2E26A9637A00AB50A3 /* DubDubGrubUITests */ = {
			isa = PBXGroup;
			children = (
				4ED44F2F26A9637A00AB50A3 /* DubDubGrubUITests.swift */,
				4ED44F3126A9637A00AB50A3 /* Info.plist */,
			);
			path = DubDubGrubUITests;
			sourceTree = "<group>";
		};
/* End PBXGroup section */

/* Begin PBXNativeTarget section */
		4ED44F0E26A9637800AB50A3 /* DubDubGrub */ = {
			isa = PBXNativeTarget;
			buildConfigurationList = 4ED44F3426A9637A00AB50A3 /* Build configuration list for PBXNativeTarget "DubDubGrub" */;
			buildPhases = (
				4ED44F0B26A9637800AB50A3 /* Sources */,
				4ED44F0C26A9637800AB50A3 /* Frameworks */,
				4ED44F0D26A9637800AB50A3 /* Resources */,
			);
			buildRules = (
			);
			dependencies = (
			);
			name = DubDubGrub;
			productName = DubDubGrub;
			productReference = 4ED44F0F26A9637800AB50A3 /* DubDubGrub.app */;
			productType = "com.apple.product-type.application";
		};
		4ED44F1F26A9637A00AB50A3 /* DubDubGrubTests */ = {
			isa = PBXNativeTarget;
			buildConfigurationList = 4ED44F3726A9637A00AB50A3 /* Build configuration list for PBXNativeTarget "DubDubGrubTests" */;
			buildPhases = (
				4ED44F1C26A9637A00AB50A3 /* Sources */,
				4ED44F1D26A9637A00AB50A3 /* Frameworks */,
				4ED44F1E26A9637A00AB50A3 /* Resources */,
			);
			buildRules = (
			);
			dependencies = (
				4ED44F2226A9637A00AB50A3 /* PBXTargetDependency */,
			);
			name = DubDubGrubTests;
			productName = DubDubGrubTests;
			productReference = 4ED44F2026A9637A00AB50A3 /* DubDubGrubTests.xctest */;
			productType = "com.apple.product-type.bundle.unit-test";
		};
		4ED44F2A26A9637A00AB50A3 /* DubDubGrubUITests */ = {
			isa = PBXNativeTarget;
			buildConfigurationList = 4ED44F3A26A9637A00AB50A3 /* Build configuration list for PBXNativeTarget "DubDubGrubUITests" */;
			buildPhases = (
				4ED44F2726A9637A00AB50A3 /* Sources */,
				4ED44F2826A9637A00AB50A3 /* Frameworks */,
				4ED44F2926A9637A00AB50A3 /* Resources */,
			);
			buildRules = (
			);
			dependencies = (
				4ED44F2D26A9637A00AB50A3 /* PBXTargetDependency */,
			);
			name = DubDubGrubUITests;
			productName = DubDubGrubUITests;
			productReference = 4ED44F2B26A9637A00AB50A3 /* DubDubGrubUITests.xctest */;
			productType = "com.apple.product-type.bundle.ui-testing";
		};
/* End PBXNativeTarget section */

/* Begin PBXProject section */
		4ED44F0726A9637800AB50A3 /* Project object */ = {
			isa = PBXProject;
			attributes = {
				LastSwiftUpdateCheck = 1250;
				LastUpgradeCheck = 1250;
				TargetAttributes = {
					4ED44F0E26A9637800AB50A3 = {
						CreatedOnToolsVersion = 12.5.1;
					};
					4ED44F1F26A9637A00AB50A3 = {
						CreatedOnToolsVersion = 12.5.1;
						TestTargetID = 4ED44F0E26A9637800AB50A3;
					};
					4ED44F2A26A9637A00AB50A3 = {
						CreatedOnToolsVersion = 12.5.1;
						TestTargetID = 4ED44F0E26A9637800AB50A3;
					};
				};
			};
			buildConfigurationList = 4ED44F0A26A9637800AB50A3 /* Build configuration list for PBXProject "DubDubGrub" */;
			compatibilityVersion = "Xcode 9.3";
			developmentRegion = en;
			hasScannedForEncodings = 0;
			knownRegions = (
				en,
				Base,
			);
			mainGroup = 4ED44F0626A9637800AB50A3;
			productRefGroup = 4ED44F1026A9637800AB50A3 /* Products */;
			projectDirPath = "";
			projectRoot = "";
			targets = (
				4ED44F0E26A9637800AB50A3 /* DubDubGrub */,
				4ED44F1F26A9637A00AB50A3 /* DubDubGrubTests */,
				4ED44F2A26A9637A00AB50A3 /* DubDubGrubUITests */,
			);
		};
/* End PBXProject section */

/* Begin PBXResourcesBuildPhase section */
		4ED44F0D26A9637800AB50A3 /* Resources */ = {
			isa = PBXResourcesBuildPhase;
			buildActionMask = 2147483647;
			files = (
				4ED44F1A26A9637A00AB50A3 /* Preview Assets.xcassets in Resources */,
				4ED44F1726A9637A00AB50A3 /* Assets.xcassets in Resources */,
			);
			runOnlyForDeploymentPostprocessing = 0;
		};
		4ED44F1E26A9637A00AB50A3 /* Resources */ = {
			isa = PBXResourcesBuildPhase;
			buildActionMask = 2147483647;
			files = (
			);
			runOnlyForDeploymentPostprocessing = 0;
		};
		4ED44F2926A9637A00AB50A3 /* Resources */ = {
			isa = PBXResourcesBuildPhase;
			buildActionMask = 2147483647;
			files = (
			);
			runOnlyForDeploymentPostprocessing = 0;
		};
/* End PBXResourcesBuildPhase section */

/* Begin PBXSourcesBuildPhase section */
		4ED44F0B26A9637800AB50A3 /* Sources */ = {
			isa = PBXSourcesBuildPhase;
			buildActionMask = 2147483647;
			files = (
				4ED44F1526A9637900AB50A3 /* ContentView.swift in Sources */,
				4ED44F1326A9637900AB50A3 /* DubDubGrubApp.swift in Sources */,
			);
			runOnlyForDeploymentPostprocessing = 0;
		};
		4ED44F1C26A9637A00AB50A3 /* Sources */ = {
			isa = PBXSourcesBuildPhase;
			buildActionMask = 2147483647;
			files = (
				4ED44F2526A9637A00AB50A3 /* DubDubGrubTests.swift in Sources */,
			);
			runOnlyForDeploymentPostprocessing = 0;
		};
		4ED44F2726A9637A00AB50A3 /* Sources */ = {
			isa = PBXSourcesBuildPhase;
			buildActionMask = 2147483647;
			files = (
				4ED44F3026A9637A00AB50A3 /* DubDubGrubUITests.swift in Sources */,
			);
			runOnlyForDeploymentPostprocessing = 0;
		};
/* End PBXSourcesBuildPhase section */

/* Begin PBXTargetDependency section */
		4ED44F2226A9637A00AB50A3 /* PBXTargetDependency */ = {
			isa = PBXTargetDependency;
			target = 4ED44F0E26A9637800AB50A3 /* DubDubGrub */;
			targetProxy = 4ED44F2126A9637A00AB50A3 /* PBXContainerItemProxy */;
		};
		4ED44F2D26A9637A00AB50A3 /* PBXTargetDependency */ = {
			isa = PBXTargetDependency;
			target = 4ED44F0E26A9637800AB50A3 /* DubDubGrub */;
			targetProxy = 4ED44F2C26A9637A00AB50A3 /* PBXContainerItemProxy */;
		};
/* End PBXTargetDependency section */

/* Begin XCBuildConfiguration section */
		4ED44F3226A9637A00AB50A3 /* Debug */ = {
			isa = XCBuildConfiguration;
			buildSettings = {
				ALWAYS_SEARCH_USER_PATHS = NO;
				CLANG_ANALYZER_NONNULL = YES;
				CLANG_ANALYZER_NUMBER_OBJECT_CONVERSION = YES_AGGRESSIVE;
				CLANG_CXX_LANGUAGE_STANDARD = "gnu++14";
				CLANG_CXX_LIBRARY = "libc++";
				CLANG_ENABLE_MODULES = YES;
				CLANG_ENABLE_OBJC_ARC = YES;
				CLANG_ENABLE_OBJC_WEAK = YES;
				CLANG_WARN_BLOCK_CAPTURE_AUTORELEASING = YES;
				CLANG_WARN_BOOL_CONVERSION = YES;
				CLANG_WARN_COMMA = YES;
				CLANG_WARN_CONSTANT_CONVERSION = YES;
				CLANG_WARN_DEPRECATED_OBJC_IMPLEMENTATIONS = YES;
				CLANG_WARN_DIRECT_OBJC_ISA_USAGE = YES_ERROR;
				CLANG_WARN_DOCUMENTATION_COMMENTS = YES;
				CLANG_WARN_EMPTY_BODY = YES;
				CLANG_WARN_ENUM_CONVERSION = YES;
				CLANG_WARN_INFINITE_RECURSION = YES;
				CLANG_WARN_INT_CONVERSION = YES;
				CLANG_WARN_NON_LITERAL_NULL_CONVERSION = YES;
				CLANG_WARN_OBJC_IMPLICIT_RETAIN_SELF = YES;
				CLANG_WARN_OBJC_LITERAL_CONVERSION = YES;
				CLANG_WARN_OBJC_ROOT_CLASS = YES_ERROR;
				CLANG_WARN_QUOTED_INCLUDE_IN_FRAMEWORK_HEADER = YES;
				CLANG_WARN_RANGE_LOOP_ANALYSIS = YES;
				CLANG_WARN_STRICT_PROTOTYPES = YES;
				CLANG_WARN_SUSPICIOUS_MOVE = YES;
				CLANG_WARN_UNGUARDED_AVAILABILITY = YES_AGGRESSIVE;
				CLANG_WARN_UNREACHABLE_CODE = YES;
				CLANG_WARN__DUPLICATE_METHOD_MATCH = YES;
				COPY_PHASE_STRIP = NO;
				DEBUG_INFORMATION_FORMAT = dwarf;
				ENABLE_STRICT_OBJC_MSGSEND = YES;
				ENABLE_TESTABILITY = YES;
				GCC_C_LANGUAGE_STANDARD = gnu11;
				GCC_DYNAMIC_NO_PIC = NO;
				GCC_NO_COMMON_BLOCKS = YES;
				GCC_OPTIMIZATION_LEVEL = 0;
				GCC_PREPROCESSOR_DEFINITIONS = (
					"DEBUG=1",
					"$(inherited)",
				);
				GCC_WARN_64_TO_32_BIT_CONVERSION = YES;
				GCC_WARN_ABOUT_RETURN_TYPE = YES_ERROR;
				GCC_WARN_UNDECLARED_SELECTOR = YES;
				GCC_WARN_UNINITIALIZED_AUTOS = YES_AGGRESSIVE;
				GCC_WARN_UNUSED_FUNCTION = YES;
				GCC_WARN_UNUSED_VARIABLE = YES;
				IPHONEOS_DEPLOYMENT_TARGET = 14.5;
				MTL_ENABLE_DEBUG_INFO = INCLUDE_SOURCE;
				MTL_FAST_MATH = YES;
				ONLY_ACTIVE_ARCH = YES;
				SDKROOT = iphoneos;
				SWIFT_ACTIVE_COMPILATION_CONDITIONS = DEBUG;
				SWIFT_OPTIMIZATION_LEVEL = "-Onone";
			};
			name = Debug;
		};
		4ED44F3326A9637A00AB50A3 /* Release */ = {
			isa = XCBuildConfiguration;
			buildSettings = {
				ALWAYS_SEARCH_USER_PATHS = NO;
				CLANG_ANALYZER_NONNULL = YES;
				CLANG_ANALYZER_NUMBER_OBJECT_CONVERSION = YES_AGGRESSIVE;
				CLANG_CXX_LANGUAGE_STANDARD = "gnu++14";
				CLANG_CXX_LIBRARY = "libc++";
				CLANG_ENABLE_MODULES = YES;
				CLANG_ENABLE_OBJC_ARC = YES;
				CLANG_ENABLE_OBJC_WEAK = YES;
				CLANG_WARN_BLOCK_CAPTURE_AUTORELEASING = YES;
				CLANG_WARN_BOOL_CONVERSION = YES;
				CLANG_WARN_COMMA = YES;
				CLANG_WARN_CONSTANT_CONVERSION = YES;
				CLANG_WARN_DEPRECATED_OBJC_IMPLEMENTATIONS = YES;
				CLANG_WARN_DIRECT_OBJC_ISA_USAGE = YES_ERROR;
				CLANG_WARN_DOCUMENTATION_COMMENTS = YES;
				CLANG_WARN_EMPTY_BODY = YES;
				CLANG_WARN_ENUM_CONVERSION = YES;
				CLANG_WARN_INFINITE_RECURSION = YES;
				CLANG_WARN_INT_CONVERSION = YES;
				CLANG_WARN_NON_LITERAL_NULL_CONVERSION = YES;
				CLANG_WARN_OBJC_IMPLICIT_RETAIN_SELF = YES;
				CLANG_WARN_OBJC_LITERAL_CONVERSION = YES;
				CLANG_WARN_OBJC_ROOT_CLASS = YES_ERROR;
				CLANG_WARN_QUOTED_INCLUDE_IN_FRAMEWORK_HEADER = YES;
				CLANG_WARN_RANGE_LOOP_ANALYSIS = YES;
				CLANG_WARN_STRICT_PROTOTYPES = YES;
				CLANG_WARN_SUSPICIOUS_MOVE = YES;
				CLANG_WARN_UNGUARDED_AVAILABILITY = YES_AGGRESSIVE;
				CLANG_WARN_UNREACHABLE_CODE = YES;
				CLANG_WARN__DUPLICATE_METHOD_MATCH = YES;
				COPY_PHASE_STRIP = NO;
				DEBUG_INFORMATION_FORMAT = "dwarf-with-dsym";
				ENABLE_NS_ASSERTIONS = NO;
				ENABLE_STRICT_OBJC_MSGSEND = YES;
				GCC_C_LANGUAGE_STANDARD = gnu11;
				GCC_NO_COMMON_BLOCKS = YES;
				GCC_WARN_64_TO_32_BIT_CONVERSION = YES;
				GCC_WARN_ABOUT_RETURN_TYPE = YES_ERROR;
				GCC_WARN_UNDECLARED_SELECTOR = YES;
				GCC_WARN_UNINITIALIZED_AUTOS = YES_AGGRESSIVE;
				GCC_WARN_UNUSED_FUNCTION = YES;
				GCC_WARN_UNUSED_VARIABLE = YES;
				IPHONEOS_DEPLOYMENT_TARGET = 14.5;
				MTL_ENABLE_DEBUG_INFO = NO;
				MTL_FAST_MATH = YES;
				SDKROOT = iphoneos;
				SWIFT_COMPILATION_MODE = wholemodule;
				SWIFT_OPTIMIZATION_LEVEL = "-O";
				VALIDATE_PRODUCT = YES;
			};
			name = Release;
		};
		4ED44F3526A9637A00AB50A3 /* Debug */ = {
			isa = XCBuildConfiguration;
			buildSettings = {
				ASSETCATALOG_COMPILER_APPICON_NAME = AppIcon;
				ASSETCATALOG_COMPILER_GLOBAL_ACCENT_COLOR_NAME = AccentColor;
				CODE_SIGN_STYLE = Automatic;
				DEVELOPMENT_ASSET_PATHS = "\"DubDubGrub/Preview Content\"";
				DEVELOPMENT_TEAM = 99FHHVY5LH;
				ENABLE_PREVIEWS = YES;
				INFOPLIST_FILE = DubDubGrub/Info.plist;
				IPHONEOS_DEPLOYMENT_TARGET = 14.0;
				LD_RUNPATH_SEARCH_PATHS = (
					"$(inherited)",
					"@executable_path/Frameworks",
				);
				PRODUCT_BUNDLE_IDENTIFIER = co.kibetarusey.DubDubGrub;
				PRODUCT_NAME = "$(TARGET_NAME)";
				SWIFT_VERSION = 5.0;
				TARGETED_DEVICE_FAMILY = "1,2";
			};
			name = Debug;
		};
		4ED44F3626A9637A00AB50A3 /* Release */ = {
			isa = XCBuildConfiguration;
			buildSettings = {
				ASSETCATALOG_COMPILER_APPICON_NAME = AppIcon;
				ASSETCATALOG_COMPILER_GLOBAL_ACCENT_COLOR_NAME = AccentColor;
				CODE_SIGN_STYLE = Automatic;
				DEVELOPMENT_ASSET_PATHS = "\"DubDubGrub/Preview Content\"";
				DEVELOPMENT_TEAM = 99FHHVY5LH;
				ENABLE_PREVIEWS = YES;
				INFOPLIST_FILE = DubDubGrub/Info.plist;
				IPHONEOS_DEPLOYMENT_TARGET = 14.0;
				LD_RUNPATH_SEARCH_PATHS = (
					"$(inherited)",
					"@executable_path/Frameworks",
				);
				PRODUCT_BUNDLE_IDENTIFIER = co.kibetarusey.DubDubGrub;
				PRODUCT_NAME = "$(TARGET_NAME)";
				SWIFT_VERSION = 5.0;
				TARGETED_DEVICE_FAMILY = "1,2";
			};
			name = Release;
		};
		4ED44F3826A9637A00AB50A3 /* Debug */ = {
			isa = XCBuildConfiguration;
			buildSettings = {
				ALWAYS_EMBED_SWIFT_STANDARD_LIBRARIES = YES;
				BUNDLE_LOADER = "$(TEST_HOST)";
				CODE_SIGN_STYLE = Automatic;
				DEVELOPMENT_TEAM = 99FHHVY5LH;
				INFOPLIST_FILE = DubDubGrubTests/Info.plist;
				IPHONEOS_DEPLOYMENT_TARGET = 14.0;
				LD_RUNPATH_SEARCH_PATHS = (
					"$(inherited)",
					"@executable_path/Frameworks",
					"@loader_path/Frameworks",
				);
				PRODUCT_BUNDLE_IDENTIFIER = co.kibetarusey.DubDubGrubTests;
				PRODUCT_NAME = "$(TARGET_NAME)";
				SWIFT_VERSION = 5.0;
				TARGETED_DEVICE_FAMILY = "1,2";
				TEST_HOST = "$(BUILT_PRODUCTS_DIR)/DubDubGrub.app/DubDubGrub";
			};
			name = Debug;
		};
		4ED44F3926A9637A00AB50A3 /* Release */ = {
			isa = XCBuildConfiguration;
			buildSettings = {
				ALWAYS_EMBED_SWIFT_STANDARD_LIBRARIES = YES;
				BUNDLE_LOADER = "$(TEST_HOST)";
				CODE_SIGN_STYLE = Automatic;
				DEVELOPMENT_TEAM = 99FHHVY5LH;
				INFOPLIST_FILE = DubDubGrubTests/Info.plist;
				IPHONEOS_DEPLOYMENT_TARGET = 14.0;
				LD_RUNPATH_SEARCH_PATHS = (
					"$(inherited)",
					"@executable_path/Frameworks",
					"@loader_path/Frameworks",
				);
				PRODUCT_BUNDLE_IDENTIFIER = co.kibetarusey.DubDubGrubTests;
				PRODUCT_NAME = "$(TARGET_NAME)";
				SWIFT_VERSION = 5.0;
				TARGETED_DEVICE_FAMILY = "1,2";
				TEST_HOST = "$(BUILT_PRODUCTS_DIR)/DubDubGrub.app/DubDubGrub";
			};
			name = Release;
		};
		4ED44F3B26A9637A00AB50A3 /* Debug */ = {
			isa = XCBuildConfiguration;
			buildSettings = {
				ALWAYS_EMBED_SWIFT_STANDARD_LIBRARIES = YES;
				CODE_SIGN_STYLE = Automatic;
				DEVELOPMENT_TEAM = 99FHHVY5LH;
				INFOPLIST_FILE = DubDubGrubUITests/Info.plist;
				LD_RUNPATH_SEARCH_PATHS = (
					"$(inherited)",
					"@executable_path/Frameworks",
					"@loader_path/Frameworks",
				);
				PRODUCT_BUNDLE_IDENTIFIER = co.kibetarusey.DubDubGrubUITests;
				PRODUCT_NAME = "$(TARGET_NAME)";
				SWIFT_VERSION = 5.0;
				TARGETED_DEVICE_FAMILY = "1,2";
				TEST_TARGET_NAME = DubDubGrub;
			};
			name = Debug;
		};
		4ED44F3C26A9637A00AB50A3 /* Release */ = {
			isa = XCBuildConfiguration;
			buildSettings = {
				ALWAYS_EMBED_SWIFT_STANDARD_LIBRARIES = YES;
				CODE_SIGN_STYLE = Automatic;
				DEVELOPMENT_TEAM = 99FHHVY5LH;
				INFOPLIST_FILE = DubDubGrubUITests/Info.plist;
				LD_RUNPATH_SEARCH_PATHS = (
					"$(inherited)",
					"@executable_path/Frameworks",
					"@loader_path/Frameworks",
				);
				PRODUCT_BUNDLE_IDENTIFIER = co.kibetarusey.DubDubGrubUITests;
				PRODUCT_NAME = "$(TARGET_NAME)";
				SWIFT_VERSION = 5.0;
				TARGETED_DEVICE_FAMILY = "1,2";
				TEST_TARGET_NAME = DubDubGrub;
			};
			name = Release;
		};
/* End XCBuildConfiguration section */

/* Begin XCConfigurationList section */
		4ED44F0A26A9637800AB50A3 /* Build configuration list for PBXProject "DubDubGrub" */ = {
			isa = XCConfigurationList;
			buildConfigurations = (
				4ED44F3226A9637A00AB50A3 /* Debug */,
				4ED44F3326A9637A00AB50A3 /* Release */,
			);
			defaultConfigurationIsVisible = 0;
			defaultConfigurationName = Release;
		};
		4ED44F3426A9637A00AB50A3 /* Build configuration list for PBXNativeTarget "DubDubGrub" */ = {
			isa = XCConfigurationList;
			buildConfigurations = (
				4ED44F3526A9637A00AB50A3 /* Debug */,
				4ED44F3626A9637A00AB50A3 /* Release */,
			);
			defaultConfigurationIsVisible = 0;
			defaultConfigurationName = Release;
		};
		4ED44F3726A9637A00AB50A3 /* Build configuration list for PBXNativeTarget "DubDubGrubTests" */ = {
			isa = XCConfigurationList;
			buildConfigurations = (
				4ED44F3826A9637A00AB50A3 /* Debug */,
				4ED44F3926A9637A00AB50A3 /* Release */,
			);
			defaultConfigurationIsVisible = 0;
			defaultConfigurationName = Release;
		};
		4ED44F3A26A9637A00AB50A3 /* Build configuration list for PBXNativeTarget "DubDubGrubUITests" */ = {
			isa = XCConfigurationList;
			buildConfigurations = (
				4ED44F3B26A9637A00AB50A3 /* Debug */,
				4ED44F3C26A9637A00AB50A3 /* Release */,
			);
			defaultConfigurationIsVisible = 0;
			defaultConfigurationName = Release;
		};
/* End XCConfigurationList section */
	};
	rootObject = 4ED44F0726A9637800AB50A3 /* Project object */;
}
